
Microsoft Visual Studio Solution File, Format Version 12.00
# Visual Studio Version 17
VisualStudioVersion = 17.4.33205.214
MinimumVisualStudioVersion = 10.0.40219.1
Project("{9A19103F-16F7-4668-BE54-9A1E7A4F7556}") = "AzureFunction.CurrencyQuotation.TimerTrigger", "..\AzureFunction.CurrencyQuotation\AzureFunction.CurrencyQuotation.TimerTrigger.csproj", "{CFD4C94F-E80D-4443-B8ED-147947D1935A}"
EndProject
Global
	GlobalSection(SolutionConfigurationPlatforms) = preSolution
		Debug|Any CPU = Debug|Any CPU
		Release|Any CPU = Release|Any CPU
	EndGlobalSection
	GlobalSection(ProjectConfigurationPlatforms) = postSolution
		{CFD4C94F-E80D-4443-B8ED-147947D1935A}.Debug|Any CPU.ActiveCfg = Debug|Any CPU
		{CFD4C94F-E80D-4443-B8ED-147947D1935A}.Debug|Any CPU.Build.0 = Debug|Any CPU
		{CFD4C94F-E80D-4443-B8ED-147947D1935A}.Release|Any CPU.ActiveCfg = Release|Any CPU
		{CFD4C94F-E80D-4443-B8ED-147947D1935A}.Release|Any CPU.Build.0 = Release|Any CPU
	EndGlobalSection
	GlobalSection(SolutionProperties) = preSolution
		HideSolutionNode = FALSE
	EndGlobalSection
	GlobalSection(ExtensibilityGlobals) = postSolution
		SolutionGuid = {1953D614-79D5-4E51-BC5B-E35F161308CF}
	EndGlobalSection
EndGlobal
